
Microsoft Visual Studio Solution File, Format Version 11.00
# Visual Basic Express 2010
Project("{F184B08F-C81C-45F6-A57F-5ABD9991F28F}") = "ioc", "ioc\ioc.vbproj", "{8FCD1D62-1B4A-4D7E-8CE6-1620F4450A73}"
EndProject
Project("{F184B08F-C81C-45F6-A57F-5ABD9991F28F}") = "ioc.tests", "ioc.tests\ioc.tests.vbproj", "{DFEF2652-C259-46E8-ADF4-A91B0593ECE5}"
EndProject
Global
	GlobalSection(SolutionConfigurationPlatforms) = preSolution
		Debug|Any CPU = Debug|Any CPU
		Release|Any CPU = Release|Any CPU
	EndGlobalSection
	GlobalSection(ProjectConfigurationPlatforms) = postSolution
		{8FCD1D62-1B4A-4D7E-8CE6-1620F4450A73}.Debug|Any CPU.ActiveCfg = Debug|Any CPU
		{8FCD1D62-1B4A-4D7E-8CE6-1620F4450A73}.Debug|Any CPU.Build.0 = Debug|Any CPU
		{8FCD1D62-1B4A-4D7E-8CE6-1620F4450A73}.Release|Any CPU.ActiveCfg = Release|Any CPU
		{8FCD1D62-1B4A-4D7E-8CE6-1620F4450A73}.Release|Any CPU.Build.0 = Release|Any CPU
		{DFEF2652-C259-46E8-ADF4-A91B0593ECE5}.Debug|Any CPU.ActiveCfg = Debug|Any CPU
		{DFEF2652-C259-46E8-ADF4-A91B0593ECE5}.Debug|Any CPU.Build.0 = Debug|Any CPU
		{DFEF2652-C259-46E8-ADF4-A91B0593ECE5}.Release|Any CPU.ActiveCfg = Release|Any CPU
		{DFEF2652-C259-46E8-ADF4-A91B0593ECE5}.Release|Any CPU.Build.0 = Release|Any CPU
	EndGlobalSection
	GlobalSection(SolutionProperties) = preSolution
		HideSolutionNode = FALSE
	EndGlobalSection
EndGlobal
